
Microsoft Visual Studio Solution File, Format Version 12.00
# Visual Studio 2012
Project("{FAE04EC0-301F-11D3-BF4B-00C04F79EFBC}") = "Swachh_bharat_abhiyan", "Swachh_bharat_abhiyan\Swachh_bharat_abhiyan.csproj", "{D8F536D5-196C-4959-85DF-12A3CCDFF185}"
EndProject
Global
	GlobalSection(SolutionConfigurationPlatforms) = preSolution
		Debug|Any CPU = Debug|Any CPU
		Release|Any CPU = Release|Any CPU
	EndGlobalSection
	GlobalSection(ProjectConfigurationPlatforms) = postSolution
		{D8F536D5-196C-4959-85DF-12A3CCDFF185}.Debug|Any CPU.ActiveCfg = Debug|Any CPU
		{D8F536D5-196C-4959-85DF-12A3CCDFF185}.Debug|Any CPU.Build.0 = Debug|Any CPU
		{D8F536D5-196C-4959-85DF-12A3CCDFF185}.Release|Any CPU.ActiveCfg = Release|Any CPU
		{D8F536D5-196C-4959-85DF-12A3CCDFF185}.Release|Any CPU.Build.0 = Release|Any CPU
	EndGlobalSection
	GlobalSection(SolutionProperties) = preSolution
		HideSolutionNode = FALSE
	EndGlobalSection
EndGlobal
